
Microsoft Visual Studio Solution File, Format Version 12.00
# Visual Studio Version 17
VisualStudioVersion = 17.0.31903.59
MinimumVisualStudioVersion = 10.0.40219.1
Project("{FAE04EC0-301F-11D3-BF4B-00C04F79EFBC}") = "EventBrokerAPI", "EventBrokerAPI\EventBrokerAPI.csproj", "{F79B2688-BB2B-A6E6-E83D-F1194E0C650B}"
EndProject
Project("{FAE04EC0-301F-11D3-BF4B-00C04F79EFBC}") = "Entities", "Entities\Entities.csproj", "{3E0DAE58-2BC3-4A05-94C9-9B2BBF87ADF2}"
EndProject
Project("{FAE04EC0-301F-11D3-BF4B-00C04F79EFBC}") = "Contracts", "Contracts\Contracts.csproj", "{2584B619-4F84-4048-A7E0-E15E6C7967D0}"
EndProject
Project("{FAE04EC0-301F-11D3-BF4B-00C04F79EFBC}") = "Repository", "Repository\Repository.csproj", "{F856E71C-0AF5-4EC3-AEF8-2CD2B54FDDB7}"
EndProject
Project("{FAE04EC0-301F-11D3-BF4B-00C04F79EFBC}") = "Shared", "Shared\Shared.csproj", "{75C3F725-7F5A-49BF-9E3B-80677C85BA4B}"
EndProject
Project("{FAE04EC0-301F-11D3-BF4B-00C04F79EFBC}") = "Service", "Service\Service.csproj", "{33B8F30B-11DD-4596-BFE1-5A9B70EAFD74}"
EndProject
Global
	GlobalSection(SolutionConfigurationPlatforms) = preSolution
		Debug|Any CPU = Debug|Any CPU
		Release|Any CPU = Release|Any CPU
	EndGlobalSection
	GlobalSection(ProjectConfigurationPlatforms) = postSolution
		{F79B2688-BB2B-A6E6-E83D-F1194E0C650B}.Debug|Any CPU.ActiveCfg = Debug|Any CPU
		{F79B2688-BB2B-A6E6-E83D-F1194E0C650B}.Debug|Any CPU.Build.0 = Debug|Any CPU
		{F79B2688-BB2B-A6E6-E83D-F1194E0C650B}.Release|Any CPU.ActiveCfg = Release|Any CPU
		{F79B2688-BB2B-A6E6-E83D-F1194E0C650B}.Release|Any CPU.Build.0 = Release|Any CPU
		{3E0DAE58-2BC3-4A05-94C9-9B2BBF87ADF2}.Debug|Any CPU.ActiveCfg = Debug|Any CPU
		{3E0DAE58-2BC3-4A05-94C9-9B2BBF87ADF2}.Debug|Any CPU.Build.0 = Debug|Any CPU
		{3E0DAE58-2BC3-4A05-94C9-9B2BBF87ADF2}.Release|Any CPU.ActiveCfg = Release|Any CPU
		{3E0DAE58-2BC3-4A05-94C9-9B2BBF87ADF2}.Release|Any CPU.Build.0 = Release|Any CPU
		{2584B619-4F84-4048-A7E0-E15E6C7967D0}.Debug|Any CPU.ActiveCfg = Debug|Any CPU
		{2584B619-4F84-4048-A7E0-E15E6C7967D0}.Debug|Any CPU.Build.0 = Debug|Any CPU
		{2584B619-4F84-4048-A7E0-E15E6C7967D0}.Release|Any CPU.ActiveCfg = Release|Any CPU
		{2584B619-4F84-4048-A7E0-E15E6C7967D0}.Release|Any CPU.Build.0 = Release|Any CPU
		{F856E71C-0AF5-4EC3-AEF8-2CD2B54FDDB7}.Debug|Any CPU.ActiveCfg = Debug|Any CPU
		{F856E71C-0AF5-4EC3-AEF8-2CD2B54FDDB7}.Debug|Any CPU.Build.0 = Debug|Any CPU
		{F856E71C-0AF5-4EC3-AEF8-2CD2B54FDDB7}.Release|Any CPU.ActiveCfg = Release|Any CPU
		{F856E71C-0AF5-4EC3-AEF8-2CD2B54FDDB7}.Release|Any CPU.Build.0 = Release|Any CPU
		{75C3F725-7F5A-49BF-9E3B-80677C85BA4B}.Debug|Any CPU.ActiveCfg = Debug|Any CPU
		{75C3F725-7F5A-49BF-9E3B-80677C85BA4B}.Debug|Any CPU.Build.0 = Debug|Any CPU
		{75C3F725-7F5A-49BF-9E3B-80677C85BA4B}.Release|Any CPU.ActiveCfg = Release|Any CPU
		{75C3F725-7F5A-49BF-9E3B-80677C85BA4B}.Release|Any CPU.Build.0 = Release|Any CPU
		{33B8F30B-11DD-4596-BFE1-5A9B70EAFD74}.Debug|Any CPU.ActiveCfg = Debug|Any CPU
		{33B8F30B-11DD-4596-BFE1-5A9B70EAFD74}.Debug|Any CPU.Build.0 = Debug|Any CPU
		{33B8F30B-11DD-4596-BFE1-5A9B70EAFD74}.Release|Any CPU.ActiveCfg = Release|Any CPU
		{33B8F30B-11DD-4596-BFE1-5A9B70EAFD74}.Release|Any CPU.Build.0 = Release|Any CPU
	EndGlobalSection
	GlobalSection(SolutionProperties) = preSolution
		HideSolutionNode = FALSE
	EndGlobalSection
	GlobalSection(ExtensibilityGlobals) = postSolution
		SolutionGuid = {415B115A-A1CC-4159-A63E-80B2DE2CC430}
	EndGlobalSection
EndGlobal
