
Microsoft Visual Studio Solution File, Format Version 12.00
# Visual Studio Version 17
VisualStudioVersion = 17.0.31903.59
MinimumVisualStudioVersion = 10.0.40219.1
Project("{2150E333-8FDC-42A3-9474-1A3956D46DE8}") = "EventBroker.Services", "EventBroker.Services", "{36D591C7-65C7-A0D1-1CBC-10CDE441BDC8}"
EndProject
Project("{2150E333-8FDC-42A3-9474-1A3956D46DE8}") = "Bookings", "Bookings", "{F938BB52-8E0A-49B7-B0E7-049A53290B0C}"
EndProject
Project("{2150E333-8FDC-42A3-9474-1A3956D46DE8}") = "Events", "Events", "{693D6965-4690-4FDE-90ED-35FB047D9D7A}"
EndProject
Project("{2150E333-8FDC-42A3-9474-1A3956D46DE8}") = "Users", "Users", "{6550DDCF-3466-461E-8C8C-F59ABBA95C3D}"
EndProject
Project("{FAE04EC0-301F-11D3-BF4B-00C04F79EFBC}") = "Events.Domain", "EventBroker.Services\Events\Domain\Events.Domain.csproj", "{EC391B5C-8492-5293-ECB7-BB74EDD8CB4B}"
EndProject
Project("{FAE04EC0-301F-11D3-BF4B-00C04F79EFBC}") = "Events.Infrastructure", "EventBroker.Services\Events\Infrastructure\Events.Infrastructure.csproj", "{39315B35-4DBB-3E6B-17BA-B49170FF6EC6}"
EndProject
Project("{FAE04EC0-301F-11D3-BF4B-00C04F79EFBC}") = "Events.API", "EventBroker.Services\Events\Presentation\Events.API.csproj", "{5F4A32BB-99B2-B971-763D-A8E8CAD78C05}"
EndProject
Project("{FAE04EC0-301F-11D3-BF4B-00C04F79EFBC}") = "Events.Application", "EventBroker.Services\Events\Application\Events.Application.csproj", "{49CDBCD5-0034-38B9-1CD6-B64CF0FC7229}"
EndProject
Project("{FAE04EC0-301F-11D3-BF4B-00C04F79EFBC}") = "Users.Domain", "EventBroker.Services\Users\Domain\Users.Domain.csproj", "{1DCA47CD-FFFA-D74B-9657-A19A870BFB77}"
EndProject
Project("{FAE04EC0-301F-11D3-BF4B-00C04F79EFBC}") = "Users.Infrastructure", "EventBroker.Services\Users\Infrastructure\Users.Infrastructure.csproj", "{9B3612D5-F590-E71E-2EF0-E60033D6618C}"
EndProject
Project("{FAE04EC0-301F-11D3-BF4B-00C04F79EFBC}") = "Users.Application", "EventBroker.Services\Users\Application\Users.Application.csproj", "{30DAC7FE-99EF-F589-BF36-F992F01F6851}"
EndProject
Project("{FAE04EC0-301F-11D3-BF4B-00C04F79EFBC}") = "Users.API", "EventBroker.Services\Users\Presentation\Users.API.csproj", "{66EC96A3-2940-C006-E7F9-42A6DA9975A2}"
EndProject
Project("{2150E333-8FDC-42A3-9474-1A3956D46DE8}") = "EventBroker.Contracts", "EventBroker.Contracts", "{1AF9B27E-332E-4E37-A698-A39DD6705E0D}"
EndProject
Project("{FAE04EC0-301F-11D3-BF4B-00C04F79EFBC}") = "Messaging", "EventBroker.Contracts\Messaging\Messaging.csproj", "{963CDBF3-27A5-31E9-1FAC-37A97A49AF34}"
EndProject
Project("{FAE04EC0-301F-11D3-BF4B-00C04F79EFBC}") = "Bookings.Application", "EventBroker.Services\Bookings\Application\Bookings.Application.csproj", "{240CF2B3-43C0-C98D-CAFB-0CA9EABCF137}"
EndProject
Project("{FAE04EC0-301F-11D3-BF4B-00C04F79EFBC}") = "Bookings.Domain", "EventBroker.Services\Bookings\Domain\Bookings.Domain.csproj", "{C02F479B-EEA7-B2F8-E350-EA1FE5C3D381}"
EndProject
Project("{FAE04EC0-301F-11D3-BF4B-00C04F79EFBC}") = "Bookings.Infrastructure", "EventBroker.Services\Bookings\Infrastructure\Bookings.Infrastructure.csproj", "{518E2EDA-7BFF-56DA-3516-73099A8DF6BF}"
EndProject
Project("{FAE04EC0-301F-11D3-BF4B-00C04F79EFBC}") = "Bookings.API", "EventBroker.Services\Bookings\Presentation\Bookings.API.csproj", "{69E10229-BA48-C7A5-CE49-53891FE818EB}"
EndProject
Project("{FAE04EC0-301F-11D3-BF4B-00C04F79EFBC}") = "Enums", "EventBroker.Contracts\Enums\Enums.csproj", "{F53EA46E-D6D9-4903-8FED-424106F7BF43}"
EndProject
Project("{FAE04EC0-301F-11D3-BF4B-00C04F79EFBC}") = "EventBroker.API", "EventBroker.API\EventBroker.API.csproj", "{51F391CA-72B8-4C28-A06B-F337B0831F75}"
EndProject
Project("{2150E333-8FDC-42A3-9474-1A3956D46DE8}") = "Элементы решения", "Элементы решения", "{8AA86CD4-411C-4EC2-888B-F49D0CF8FF5A}"
	ProjectSection(SolutionItems) = preProject
		deploy\docker-compose.yml = deploy\docker-compose.yml
		README.md = README.md
	EndProjectSection
EndProject
Project("{2150E333-8FDC-42A3-9474-1A3956D46DE8}") = "EventBroker.Tests", "EventBroker.Tests", "{8829940F-8E03-1BA3-ABE2-E8422CBE3114}"
EndProject
Project("{FAE04EC0-301F-11D3-BF4B-00C04F79EFBC}") = "Events.Tests", "EventBroker.Tests\Events.Tests.csproj", "{95882C43-0A32-43DE-8A6C-3CEBAB6A2662}"
EndProject
Global
	GlobalSection(SolutionConfigurationPlatforms) = preSolution
		Debug|Any CPU = Debug|Any CPU
		Debug|x64 = Debug|x64
		Debug|x86 = Debug|x86
		Release|Any CPU = Release|Any CPU
		Release|x64 = Release|x64
		Release|x86 = Release|x86
	EndGlobalSection
	GlobalSection(ProjectConfigurationPlatforms) = postSolution
		{EC391B5C-8492-5293-ECB7-BB74EDD8CB4B}.Debug|Any CPU.ActiveCfg = Debug|Any CPU
		{EC391B5C-8492-5293-ECB7-BB74EDD8CB4B}.Debug|Any CPU.Build.0 = Debug|Any CPU
		{EC391B5C-8492-5293-ECB7-BB74EDD8CB4B}.Debug|x64.ActiveCfg = Debug|Any CPU
		{EC391B5C-8492-5293-ECB7-BB74EDD8CB4B}.Debug|x64.Build.0 = Debug|Any CPU
		{EC391B5C-8492-5293-ECB7-BB74EDD8CB4B}.Debug|x86.ActiveCfg = Debug|Any CPU
		{EC391B5C-8492-5293-ECB7-BB74EDD8CB4B}.Debug|x86.Build.0 = Debug|Any CPU
		{EC391B5C-8492-5293-ECB7-BB74EDD8CB4B}.Release|Any CPU.ActiveCfg = Release|Any CPU
		{EC391B5C-8492-5293-ECB7-BB74EDD8CB4B}.Release|Any CPU.Build.0 = Release|Any CPU
		{EC391B5C-8492-5293-ECB7-BB74EDD8CB4B}.Release|x64.ActiveCfg = Release|Any CPU
		{EC391B5C-8492-5293-ECB7-BB74EDD8CB4B}.Release|x64.Build.0 = Release|Any CPU
		{EC391B5C-8492-5293-ECB7-BB74EDD8CB4B}.Release|x86.ActiveCfg = Release|Any CPU
		{EC391B5C-8492-5293-ECB7-BB74EDD8CB4B}.Release|x86.Build.0 = Release|Any CPU
		{39315B35-4DBB-3E6B-17BA-B49170FF6EC6}.Debug|Any CPU.ActiveCfg = Debug|Any CPU
		{39315B35-4DBB-3E6B-17BA-B49170FF6EC6}.Debug|Any CPU.Build.0 = Debug|Any CPU
		{39315B35-4DBB-3E6B-17BA-B49170FF6EC6}.Debug|x64.ActiveCfg = Debug|Any CPU
		{39315B35-4DBB-3E6B-17BA-B49170FF6EC6}.Debug|x64.Build.0 = Debug|Any CPU
		{39315B35-4DBB-3E6B-17BA-B49170FF6EC6}.Debug|x86.ActiveCfg = Debug|Any CPU
		{39315B35-4DBB-3E6B-17BA-B49170FF6EC6}.Debug|x86.Build.0 = Debug|Any CPU
		{39315B35-4DBB-3E6B-17BA-B49170FF6EC6}.Release|Any CPU.ActiveCfg = Release|Any CPU
		{39315B35-4DBB-3E6B-17BA-B49170FF6EC6}.Release|Any CPU.Build.0 = Release|Any CPU
		{39315B35-4DBB-3E6B-17BA-B49170FF6EC6}.Release|x64.ActiveCfg = Release|Any CPU
		{39315B35-4DBB-3E6B-17BA-B49170FF6EC6}.Release|x64.Build.0 = Release|Any CPU
		{39315B35-4DBB-3E6B-17BA-B49170FF6EC6}.Release|x86.ActiveCfg = Release|Any CPU
		{39315B35-4DBB-3E6B-17BA-B49170FF6EC6}.Release|x86.Build.0 = Release|Any CPU
		{5F4A32BB-99B2-B971-763D-A8E8CAD78C05}.Debug|Any CPU.ActiveCfg = Debug|Any CPU
		{5F4A32BB-99B2-B971-763D-A8E8CAD78C05}.Debug|Any CPU.Build.0 = Debug|Any CPU
		{5F4A32BB-99B2-B971-763D-A8E8CAD78C05}.Debug|x64.ActiveCfg = Debug|Any CPU
		{5F4A32BB-99B2-B971-763D-A8E8CAD78C05}.Debug|x64.Build.0 = Debug|Any CPU
		{5F4A32BB-99B2-B971-763D-A8E8CAD78C05}.Debug|x86.ActiveCfg = Debug|Any CPU
		{5F4A32BB-99B2-B971-763D-A8E8CAD78C05}.Debug|x86.Build.0 = Debug|Any CPU
		{5F4A32BB-99B2-B971-763D-A8E8CAD78C05}.Release|Any CPU.ActiveCfg = Release|Any CPU
		{5F4A32BB-99B2-B971-763D-A8E8CAD78C05}.Release|Any CPU.Build.0 = Release|Any CPU
		{5F4A32BB-99B2-B971-763D-A8E8CAD78C05}.Release|x64.ActiveCfg = Release|Any CPU
		{5F4A32BB-99B2-B971-763D-A8E8CAD78C05}.Release|x64.Build.0 = Release|Any CPU
		{5F4A32BB-99B2-B971-763D-A8E8CAD78C05}.Release|x86.ActiveCfg = Release|Any CPU
		{5F4A32BB-99B2-B971-763D-A8E8CAD78C05}.Release|x86.Build.0 = Release|Any CPU
		{49CDBCD5-0034-38B9-1CD6-B64CF0FC7229}.Debug|Any CPU.ActiveCfg = Debug|Any CPU
		{49CDBCD5-0034-38B9-1CD6-B64CF0FC7229}.Debug|Any CPU.Build.0 = Debug|Any CPU
		{49CDBCD5-0034-38B9-1CD6-B64CF0FC7229}.Debug|x64.ActiveCfg = Debug|Any CPU
		{49CDBCD5-0034-38B9-1CD6-B64CF0FC7229}.Debug|x64.Build.0 = Debug|Any CPU
		{49CDBCD5-0034-38B9-1CD6-B64CF0FC7229}.Debug|x86.ActiveCfg = Debug|Any CPU
		{49CDBCD5-0034-38B9-1CD6-B64CF0FC7229}.Debug|x86.Build.0 = Debug|Any CPU
		{49CDBCD5-0034-38B9-1CD6-B64CF0FC7229}.Release|Any CPU.ActiveCfg = Release|Any CPU
		{49CDBCD5-0034-38B9-1CD6-B64CF0FC7229}.Release|Any CPU.Build.0 = Release|Any CPU
		{49CDBCD5-0034-38B9-1CD6-B64CF0FC7229}.Release|x64.ActiveCfg = Release|Any CPU
		{49CDBCD5-0034-38B9-1CD6-B64CF0FC7229}.Release|x64.Build.0 = Release|Any CPU
		{49CDBCD5-0034-38B9-1CD6-B64CF0FC7229}.Release|x86.ActiveCfg = Release|Any CPU
		{49CDBCD5-0034-38B9-1CD6-B64CF0FC7229}.Release|x86.Build.0 = Release|Any CPU
		{1DCA47CD-FFFA-D74B-9657-A19A870BFB77}.Debug|Any CPU.ActiveCfg = Debug|Any CPU
		{1DCA47CD-FFFA-D74B-9657-A19A870BFB77}.Debug|Any CPU.Build.0 = Debug|Any CPU
		{1DCA47CD-FFFA-D74B-9657-A19A870BFB77}.Debug|x64.ActiveCfg = Debug|Any CPU
		{1DCA47CD-FFFA-D74B-9657-A19A870BFB77}.Debug|x64.Build.0 = Debug|Any CPU
		{1DCA47CD-FFFA-D74B-9657-A19A870BFB77}.Debug|x86.ActiveCfg = Debug|Any CPU
		{1DCA47CD-FFFA-D74B-9657-A19A870BFB77}.Debug|x86.Build.0 = Debug|Any CPU
		{1DCA47CD-FFFA-D74B-9657-A19A870BFB77}.Release|Any CPU.ActiveCfg = Release|Any CPU
		{1DCA47CD-FFFA-D74B-9657-A19A870BFB77}.Release|Any CPU.Build.0 = Release|Any CPU
		{1DCA47CD-FFFA-D74B-9657-A19A870BFB77}.Release|x64.ActiveCfg = Release|Any CPU
		{1DCA47CD-FFFA-D74B-9657-A19A870BFB77}.Release|x64.Build.0 = Release|Any CPU
		{1DCA47CD-FFFA-D74B-9657-A19A870BFB77}.Release|x86.ActiveCfg = Release|Any CPU
		{1DCA47CD-FFFA-D74B-9657-A19A870BFB77}.Release|x86.Build.0 = Release|Any CPU
		{9B3612D5-F590-E71E-2EF0-E60033D6618C}.Debug|Any CPU.ActiveCfg = Debug|Any CPU
		{9B3612D5-F590-E71E-2EF0-E60033D6618C}.Debug|Any CPU.Build.0 = Debug|Any CPU
		{9B3612D5-F590-E71E-2EF0-E60033D6618C}.Debug|x64.ActiveCfg = Debug|Any CPU
		{9B3612D5-F590-E71E-2EF0-E60033D6618C}.Debug|x64.Build.0 = Debug|Any CPU
		{9B3612D5-F590-E71E-2EF0-E60033D6618C}.Debug|x86.ActiveCfg = Debug|Any CPU
		{9B3612D5-F590-E71E-2EF0-E60033D6618C}.Debug|x86.Build.0 = Debug|Any CPU
		{9B3612D5-F590-E71E-2EF0-E60033D6618C}.Release|Any CPU.ActiveCfg = Release|Any CPU
		{9B3612D5-F590-E71E-2EF0-E60033D6618C}.Release|Any CPU.Build.0 = Release|Any CPU
		{9B3612D5-F590-E71E-2EF0-E60033D6618C}.Release|x64.ActiveCfg = Release|Any CPU
		{9B3612D5-F590-E71E-2EF0-E60033D6618C}.Release|x64.Build.0 = Release|Any CPU
		{9B3612D5-F590-E71E-2EF0-E60033D6618C}.Release|x86.ActiveCfg = Release|Any CPU
		{9B3612D5-F590-E71E-2EF0-E60033D6618C}.Release|x86.Build.0 = Release|Any CPU
		{30DAC7FE-99EF-F589-BF36-F992F01F6851}.Debug|Any CPU.ActiveCfg = Debug|Any CPU
		{30DAC7FE-99EF-F589-BF36-F992F01F6851}.Debug|Any CPU.Build.0 = Debug|Any CPU
		{30DAC7FE-99EF-F589-BF36-F992F01F6851}.Debug|x64.ActiveCfg = Debug|Any CPU
		{30DAC7FE-99EF-F589-BF36-F992F01F6851}.Debug|x64.Build.0 = Debug|Any CPU
		{30DAC7FE-99EF-F589-BF36-F992F01F6851}.Debug|x86.ActiveCfg = Debug|Any CPU
		{30DAC7FE-99EF-F589-BF36-F992F01F6851}.Debug|x86.Build.0 = Debug|Any CPU
		{30DAC7FE-99EF-F589-BF36-F992F01F6851}.Release|Any CPU.ActiveCfg = Release|Any CPU
		{30DAC7FE-99EF-F589-BF36-F992F01F6851}.Release|Any CPU.Build.0 = Release|Any CPU
		{30DAC7FE-99EF-F589-BF36-F992F01F6851}.Release|x64.ActiveCfg = Release|Any CPU
		{30DAC7FE-99EF-F589-BF36-F992F01F6851}.Release|x64.Build.0 = Release|Any CPU
		{30DAC7FE-99EF-F589-BF36-F992F01F6851}.Release|x86.ActiveCfg = Release|Any CPU
		{30DAC7FE-99EF-F589-BF36-F992F01F6851}.Release|x86.Build.0 = Release|Any CPU
		{66EC96A3-2940-C006-E7F9-42A6DA9975A2}.Debug|Any CPU.ActiveCfg = Debug|Any CPU
		{66EC96A3-2940-C006-E7F9-42A6DA9975A2}.Debug|Any CPU.Build.0 = Debug|Any CPU
		{66EC96A3-2940-C006-E7F9-42A6DA9975A2}.Debug|x64.ActiveCfg = Debug|Any CPU
		{66EC96A3-2940-C006-E7F9-42A6DA9975A2}.Debug|x64.Build.0 = Debug|Any CPU
		{66EC96A3-2940-C006-E7F9-42A6DA9975A2}.Debug|x86.ActiveCfg = Debug|Any CPU
		{66EC96A3-2940-C006-E7F9-42A6DA9975A2}.Debug|x86.Build.0 = Debug|Any CPU
		{66EC96A3-2940-C006-E7F9-42A6DA9975A2}.Release|Any CPU.ActiveCfg = Release|Any CPU
		{66EC96A3-2940-C006-E7F9-42A6DA9975A2}.Release|Any CPU.Build.0 = Release|Any CPU
		{66EC96A3-2940-C006-E7F9-42A6DA9975A2}.Release|x64.ActiveCfg = Release|Any CPU
		{66EC96A3-2940-C006-E7F9-42A6DA9975A2}.Release|x64.Build.0 = Release|Any CPU
		{66EC96A3-2940-C006-E7F9-42A6DA9975A2}.Release|x86.ActiveCfg = Release|Any CPU
		{66EC96A3-2940-C006-E7F9-42A6DA9975A2}.Release|x86.Build.0 = Release|Any CPU
		{963CDBF3-27A5-31E9-1FAC-37A97A49AF34}.Debug|Any CPU.ActiveCfg = Debug|Any CPU
		{963CDBF3-27A5-31E9-1FAC-37A97A49AF34}.Debug|Any CPU.Build.0 = Debug|Any CPU
		{963CDBF3-27A5-31E9-1FAC-37A97A49AF34}.Debug|x64.ActiveCfg = Debug|Any CPU
		{963CDBF3-27A5-31E9-1FAC-37A97A49AF34}.Debug|x64.Build.0 = Debug|Any CPU
		{963CDBF3-27A5-31E9-1FAC-37A97A49AF34}.Debug|x86.ActiveCfg = Debug|Any CPU
		{963CDBF3-27A5-31E9-1FAC-37A97A49AF34}.Debug|x86.Build.0 = Debug|Any CPU
		{963CDBF3-27A5-31E9-1FAC-37A97A49AF34}.Release|Any CPU.ActiveCfg = Release|Any CPU
		{963CDBF3-27A5-31E9-1FAC-37A97A49AF34}.Release|Any CPU.Build.0 = Release|Any CPU
		{963CDBF3-27A5-31E9-1FAC-37A97A49AF34}.Release|x64.ActiveCfg = Release|Any CPU
		{963CDBF3-27A5-31E9-1FAC-37A97A49AF34}.Release|x64.Build.0 = Release|Any CPU
		{963CDBF3-27A5-31E9-1FAC-37A97A49AF34}.Release|x86.ActiveCfg = Release|Any CPU
		{963CDBF3-27A5-31E9-1FAC-37A97A49AF34}.Release|x86.Build.0 = Release|Any CPU
		{240CF2B3-43C0-C98D-CAFB-0CA9EABCF137}.Debug|Any CPU.ActiveCfg = Debug|Any CPU
		{240CF2B3-43C0-C98D-CAFB-0CA9EABCF137}.Debug|Any CPU.Build.0 = Debug|Any CPU
		{240CF2B3-43C0-C98D-CAFB-0CA9EABCF137}.Debug|x64.ActiveCfg = Debug|Any CPU
		{240CF2B3-43C0-C98D-CAFB-0CA9EABCF137}.Debug|x64.Build.0 = Debug|Any CPU
		{240CF2B3-43C0-C98D-CAFB-0CA9EABCF137}.Debug|x86.ActiveCfg = Debug|Any CPU
		{240CF2B3-43C0-C98D-CAFB-0CA9EABCF137}.Debug|x86.Build.0 = Debug|Any CPU
		{240CF2B3-43C0-C98D-CAFB-0CA9EABCF137}.Release|Any CPU.ActiveCfg = Release|Any CPU
		{240CF2B3-43C0-C98D-CAFB-0CA9EABCF137}.Release|Any CPU.Build.0 = Release|Any CPU
		{240CF2B3-43C0-C98D-CAFB-0CA9EABCF137}.Release|x64.ActiveCfg = Release|Any CPU
		{240CF2B3-43C0-C98D-CAFB-0CA9EABCF137}.Release|x64.Build.0 = Release|Any CPU
		{240CF2B3-43C0-C98D-CAFB-0CA9EABCF137}.Release|x86.ActiveCfg = Release|Any CPU
		{240CF2B3-43C0-C98D-CAFB-0CA9EABCF137}.Release|x86.Build.0 = Release|Any CPU
		{C02F479B-EEA7-B2F8-E350-EA1FE5C3D381}.Debug|Any CPU.ActiveCfg = Debug|Any CPU
		{C02F479B-EEA7-B2F8-E350-EA1FE5C3D381}.Debug|Any CPU.Build.0 = Debug|Any CPU
		{C02F479B-EEA7-B2F8-E350-EA1FE5C3D381}.Debug|x64.ActiveCfg = Debug|Any CPU
		{C02F479B-EEA7-B2F8-E350-EA1FE5C3D381}.Debug|x64.Build.0 = Debug|Any CPU
		{C02F479B-EEA7-B2F8-E350-EA1FE5C3D381}.Debug|x86.ActiveCfg = Debug|Any CPU
		{C02F479B-EEA7-B2F8-E350-EA1FE5C3D381}.Debug|x86.Build.0 = Debug|Any CPU
		{C02F479B-EEA7-B2F8-E350-EA1FE5C3D381}.Release|Any CPU.ActiveCfg = Release|Any CPU
		{C02F479B-EEA7-B2F8-E350-EA1FE5C3D381}.Release|Any CPU.Build.0 = Release|Any CPU
		{C02F479B-EEA7-B2F8-E350-EA1FE5C3D381}.Release|x64.ActiveCfg = Release|Any CPU
		{C02F479B-EEA7-B2F8-E350-EA1FE5C3D381}.Release|x64.Build.0 = Release|Any CPU
		{C02F479B-EEA7-B2F8-E350-EA1FE5C3D381}.Release|x86.ActiveCfg = Release|Any CPU
		{C02F479B-EEA7-B2F8-E350-EA1FE5C3D381}.Release|x86.Build.0 = Release|Any CPU
		{518E2EDA-7BFF-56DA-3516-73099A8DF6BF}.Debug|Any CPU.ActiveCfg = Debug|Any CPU
		{518E2EDA-7BFF-56DA-3516-73099A8DF6BF}.Debug|Any CPU.Build.0 = Debug|Any CPU
		{518E2EDA-7BFF-56DA-3516-73099A8DF6BF}.Debug|x64.ActiveCfg = Debug|Any CPU
		{518E2EDA-7BFF-56DA-3516-73099A8DF6BF}.Debug|x64.Build.0 = Debug|Any CPU
		{518E2EDA-7BFF-56DA-3516-73099A8DF6BF}.Debug|x86.ActiveCfg = Debug|Any CPU
		{518E2EDA-7BFF-56DA-3516-73099A8DF6BF}.Debug|x86.Build.0 = Debug|Any CPU
		{518E2EDA-7BFF-56DA-3516-73099A8DF6BF}.Release|Any CPU.ActiveCfg = Release|Any CPU
		{518E2EDA-7BFF-56DA-3516-73099A8DF6BF}.Release|Any CPU.Build.0 = Release|Any CPU
		{518E2EDA-7BFF-56DA-3516-73099A8DF6BF}.Release|x64.ActiveCfg = Release|Any CPU
		{518E2EDA-7BFF-56DA-3516-73099A8DF6BF}.Release|x64.Build.0 = Release|Any CPU
		{518E2EDA-7BFF-56DA-3516-73099A8DF6BF}.Release|x86.ActiveCfg = Release|Any CPU
		{518E2EDA-7BFF-56DA-3516-73099A8DF6BF}.Release|x86.Build.0 = Release|Any CPU
		{69E10229-BA48-C7A5-CE49-53891FE818EB}.Debug|Any CPU.ActiveCfg = Debug|Any CPU
		{69E10229-BA48-C7A5-CE49-53891FE818EB}.Debug|Any CPU.Build.0 = Debug|Any CPU
		{69E10229-BA48-C7A5-CE49-53891FE818EB}.Debug|x64.ActiveCfg = Debug|Any CPU
		{69E10229-BA48-C7A5-CE49-53891FE818EB}.Debug|x64.Build.0 = Debug|Any CPU
		{69E10229-BA48-C7A5-CE49-53891FE818EB}.Debug|x86.ActiveCfg = Debug|Any CPU
		{69E10229-BA48-C7A5-CE49-53891FE818EB}.Debug|x86.Build.0 = Debug|Any CPU
		{69E10229-BA48-C7A5-CE49-53891FE818EB}.Release|Any CPU.ActiveCfg = Release|Any CPU
		{69E10229-BA48-C7A5-CE49-53891FE818EB}.Release|Any CPU.Build.0 = Release|Any CPU
		{69E10229-BA48-C7A5-CE49-53891FE818EB}.Release|x64.ActiveCfg = Release|Any CPU
		{69E10229-BA48-C7A5-CE49-53891FE818EB}.Release|x64.Build.0 = Release|Any CPU
		{69E10229-BA48-C7A5-CE49-53891FE818EB}.Release|x86.ActiveCfg = Release|Any CPU
		{69E10229-BA48-C7A5-CE49-53891FE818EB}.Release|x86.Build.0 = Release|Any CPU
		{F53EA46E-D6D9-4903-8FED-424106F7BF43}.Debug|Any CPU.ActiveCfg = Debug|Any CPU
		{F53EA46E-D6D9-4903-8FED-424106F7BF43}.Debug|Any CPU.Build.0 = Debug|Any CPU
		{F53EA46E-D6D9-4903-8FED-424106F7BF43}.Debug|x64.ActiveCfg = Debug|Any CPU
		{F53EA46E-D6D9-4903-8FED-424106F7BF43}.Debug|x64.Build.0 = Debug|Any CPU
		{F53EA46E-D6D9-4903-8FED-424106F7BF43}.Debug|x86.ActiveCfg = Debug|Any CPU
		{F53EA46E-D6D9-4903-8FED-424106F7BF43}.Debug|x86.Build.0 = Debug|Any CPU
		{F53EA46E-D6D9-4903-8FED-424106F7BF43}.Release|Any CPU.ActiveCfg = Release|Any CPU
		{F53EA46E-D6D9-4903-8FED-424106F7BF43}.Release|Any CPU.Build.0 = Release|Any CPU
		{F53EA46E-D6D9-4903-8FED-424106F7BF43}.Release|x64.ActiveCfg = Release|Any CPU
		{F53EA46E-D6D9-4903-8FED-424106F7BF43}.Release|x64.Build.0 = Release|Any CPU
		{F53EA46E-D6D9-4903-8FED-424106F7BF43}.Release|x86.ActiveCfg = Release|Any CPU
		{F53EA46E-D6D9-4903-8FED-424106F7BF43}.Release|x86.Build.0 = Release|Any CPU
		{51F391CA-72B8-4C28-A06B-F337B0831F75}.Debug|Any CPU.ActiveCfg = Debug|Any CPU
		{51F391CA-72B8-4C28-A06B-F337B0831F75}.Debug|Any CPU.Build.0 = Debug|Any CPU
		{51F391CA-72B8-4C28-A06B-F337B0831F75}.Debug|x64.ActiveCfg = Debug|Any CPU
		{51F391CA-72B8-4C28-A06B-F337B0831F75}.Debug|x64.Build.0 = Debug|Any CPU
		{51F391CA-72B8-4C28-A06B-F337B0831F75}.Debug|x86.ActiveCfg = Debug|Any CPU
		{51F391CA-72B8-4C28-A06B-F337B0831F75}.Debug|x86.Build.0 = Debug|Any CPU
		{51F391CA-72B8-4C28-A06B-F337B0831F75}.Release|Any CPU.ActiveCfg = Release|Any CPU
		{51F391CA-72B8-4C28-A06B-F337B0831F75}.Release|Any CPU.Build.0 = Release|Any CPU
		{51F391CA-72B8-4C28-A06B-F337B0831F75}.Release|x64.ActiveCfg = Release|Any CPU
		{51F391CA-72B8-4C28-A06B-F337B0831F75}.Release|x64.Build.0 = Release|Any CPU
		{51F391CA-72B8-4C28-A06B-F337B0831F75}.Release|x86.ActiveCfg = Release|Any CPU
		{51F391CA-72B8-4C28-A06B-F337B0831F75}.Release|x86.Build.0 = Release|Any CPU
		{95882C43-0A32-43DE-8A6C-3CEBAB6A2662}.Debug|Any CPU.ActiveCfg = Debug|Any CPU
		{95882C43-0A32-43DE-8A6C-3CEBAB6A2662}.Debug|Any CPU.Build.0 = Debug|Any CPU
		{95882C43-0A32-43DE-8A6C-3CEBAB6A2662}.Debug|x64.ActiveCfg = Debug|Any CPU
		{95882C43-0A32-43DE-8A6C-3CEBAB6A2662}.Debug|x64.Build.0 = Debug|Any CPU
		{95882C43-0A32-43DE-8A6C-3CEBAB6A2662}.Debug|x86.ActiveCfg = Debug|Any CPU
		{95882C43-0A32-43DE-8A6C-3CEBAB6A2662}.Debug|x86.Build.0 = Debug|Any CPU
		{95882C43-0A32-43DE-8A6C-3CEBAB6A2662}.Release|Any CPU.ActiveCfg = Release|Any CPU
		{95882C43-0A32-43DE-8A6C-3CEBAB6A2662}.Release|Any CPU.Build.0 = Release|Any CPU
		{95882C43-0A32-43DE-8A6C-3CEBAB6A2662}.Release|x64.ActiveCfg = Release|Any CPU
		{95882C43-0A32-43DE-8A6C-3CEBAB6A2662}.Release|x64.Build.0 = Release|Any CPU
		{95882C43-0A32-43DE-8A6C-3CEBAB6A2662}.Release|x86.ActiveCfg = Release|Any CPU
		{95882C43-0A32-43DE-8A6C-3CEBAB6A2662}.Release|x86.Build.0 = Release|Any CPU
	EndGlobalSection
	GlobalSection(SolutionProperties) = preSolution
		HideSolutionNode = FALSE
	EndGlobalSection
	GlobalSection(NestedProjects) = preSolution
		{F938BB52-8E0A-49B7-B0E7-049A53290B0C} = {36D591C7-65C7-A0D1-1CBC-10CDE441BDC8}
		{693D6965-4690-4FDE-90ED-35FB047D9D7A} = {36D591C7-65C7-A0D1-1CBC-10CDE441BDC8}
		{6550DDCF-3466-461E-8C8C-F59ABBA95C3D} = {36D591C7-65C7-A0D1-1CBC-10CDE441BDC8}
		{EC391B5C-8492-5293-ECB7-BB74EDD8CB4B} = {693D6965-4690-4FDE-90ED-35FB047D9D7A}
		{39315B35-4DBB-3E6B-17BA-B49170FF6EC6} = {693D6965-4690-4FDE-90ED-35FB047D9D7A}
		{5F4A32BB-99B2-B971-763D-A8E8CAD78C05} = {693D6965-4690-4FDE-90ED-35FB047D9D7A}
		{49CDBCD5-0034-38B9-1CD6-B64CF0FC7229} = {693D6965-4690-4FDE-90ED-35FB047D9D7A}
		{1DCA47CD-FFFA-D74B-9657-A19A870BFB77} = {6550DDCF-3466-461E-8C8C-F59ABBA95C3D}
		{9B3612D5-F590-E71E-2EF0-E60033D6618C} = {6550DDCF-3466-461E-8C8C-F59ABBA95C3D}
		{30DAC7FE-99EF-F589-BF36-F992F01F6851} = {6550DDCF-3466-461E-8C8C-F59ABBA95C3D}
		{66EC96A3-2940-C006-E7F9-42A6DA9975A2} = {6550DDCF-3466-461E-8C8C-F59ABBA95C3D}
		{963CDBF3-27A5-31E9-1FAC-37A97A49AF34} = {1AF9B27E-332E-4E37-A698-A39DD6705E0D}
		{240CF2B3-43C0-C98D-CAFB-0CA9EABCF137} = {F938BB52-8E0A-49B7-B0E7-049A53290B0C}
		{C02F479B-EEA7-B2F8-E350-EA1FE5C3D381} = {F938BB52-8E0A-49B7-B0E7-049A53290B0C}
		{518E2EDA-7BFF-56DA-3516-73099A8DF6BF} = {F938BB52-8E0A-49B7-B0E7-049A53290B0C}
		{69E10229-BA48-C7A5-CE49-53891FE818EB} = {F938BB52-8E0A-49B7-B0E7-049A53290B0C}
		{F53EA46E-D6D9-4903-8FED-424106F7BF43} = {1AF9B27E-332E-4E37-A698-A39DD6705E0D}
		{95882C43-0A32-43DE-8A6C-3CEBAB6A2662} = {8829940F-8E03-1BA3-ABE2-E8422CBE3114}
	EndGlobalSection
	GlobalSection(ExtensibilityGlobals) = postSolution
		SolutionGuid = {415B115A-A1CC-4159-A63E-80B2DE2CC430}
	EndGlobalSection
EndGlobal
